
Microsoft Visual Studio Solution File, Format Version 12.00
# Visual Studio 15
Project("{FAE04EC0-301F-11D3-BF4B-00C04F79EFBC}") = "Assembly-CSharp", "Assembly-CSharp.csproj", "{AADBC3BC-1E87-7F68-C39B-3C2B4C1776EB}"
EndProject
Project("{FAE04EC0-301F-11D3-BF4B-00C04F79EFBC}") = "Assembly-CSharp-Editor", "Assembly-CSharp-Editor.csproj", "{C1F491B5-CA3B-16CC-151D-FCE51FCB28C2}"
EndProject
Global
	GlobalSection(SolutionConfigurationPlatforms) = preSolution
		Debug|Any CPU = Debug|Any CPU
		Release|Any CPU = Release|Any CPU
	EndGlobalSection
	GlobalSection(ProjectConfigurationPlatforms) = postSolution
		{AADBC3BC-1E87-7F68-C39B-3C2B4C1776EB}.Debug|Any CPU.ActiveCfg = Debug|Any CPU
		{AADBC3BC-1E87-7F68-C39B-3C2B4C1776EB}.Debug|Any CPU.Build.0 = Debug|Any CPU
		{AADBC3BC-1E87-7F68-C39B-3C2B4C1776EB}.Release|Any CPU.ActiveCfg = Release|Any CPU
		{AADBC3BC-1E87-7F68-C39B-3C2B4C1776EB}.Release|Any CPU.Build.0 = Release|Any CPU
		{C1F491B5-CA3B-16CC-151D-FCE51FCB28C2}.Debug|Any CPU.ActiveCfg = Debug|Any CPU
		{C1F491B5-CA3B-16CC-151D-FCE51FCB28C2}.Debug|Any CPU.Build.0 = Debug|Any CPU
		{C1F491B5-CA3B-16CC-151D-FCE51FCB28C2}.Release|Any CPU.ActiveCfg = Release|Any CPU
		{C1F491B5-CA3B-16CC-151D-FCE51FCB28C2}.Release|Any CPU.Build.0 = Release|Any CPU
	EndGlobalSection
	GlobalSection(SolutionProperties) = preSolution
		HideSolutionNode = FALSE
	EndGlobalSection
	GlobalSection(MonoDevelopProperties) = preSolution
		StartupItem = Assembly-CSharp.csproj
	EndGlobalSection
EndGlobal
